
Microsoft Visual Studio Solution File, Format Version 12.00
# Visual Studio 2012
Project("{2150E333-8FDC-42A3-9474-1A3956D46DE8}") = "docs", "docs", "{1C71420E-3277-4855-A266-E50593D8164D}"
	ProjectSection(SolutionItems) = preProject
		AUTHORS = AUTHORS
		LICENSE = LICENSE
		README.md = README.md
	EndProjectSection
EndProject
Project("{2150E333-8FDC-42A3-9474-1A3956D46DE8}") = "settings", "settings", "{F931F059-9877-4554-85E6-771DFECDFE00}"
	ProjectSection(SolutionItems) = preProject
		nuget\clrzmq-x64.nuspec = nuget\clrzmq-x64.nuspec
		clrzmq.5.1.ReSharper = clrzmq.5.1.ReSharper
		nuget\clrzmq.nuspec = nuget\clrzmq.nuspec
		Settings.StyleCop = Settings.StyleCop
	EndProjectSection
EndProject
Project("{2150E333-8FDC-42A3-9474-1A3956D46DE8}") = "perf", "perf", "{137A2F03-0D94-40F2-ADC7-3C194B143A78}"
EndProject
Project("{2150E333-8FDC-42A3-9474-1A3956D46DE8}") = "src", "src", "{30C08BF9-B591-4038-A54E-2D6D70F6EAB7}"
EndProject
Project("{2150E333-8FDC-42A3-9474-1A3956D46DE8}") = "tests", "tests", "{FED23C0F-5417-4B04-BCF3-B18DDDCF15E9}"
EndProject
Project("{2150E333-8FDC-42A3-9474-1A3956D46DE8}") = "build", "build", "{FD546D7B-B1CF-43AF-81B1-A96AF545FDD7}"
	ProjectSection(SolutionItems) = preProject
		build.proj = build.proj
	EndProjectSection
EndProject
Project("{2150E333-8FDC-42A3-9474-1A3956D46DE8}") = "facility", "facility", "{675C6614-E0C3-405D-AB3D-3D2ACAF7E506}"
EndProject
Project("{FAE04EC0-301F-11D3-BF4B-00C04F79EFBC}") = "local_lat", "perf\local_lat\local_lat.csproj", "{E30D3D43-99B4-48ED-B060-56D88C77CCD0}"
EndProject
Project("{FAE04EC0-301F-11D3-BF4B-00C04F79EFBC}") = "local_thr", "perf\local_thr\local_thr.csproj", "{CB79FF77-F94F-4E4B-A860-7BF941EAA2B6}"
EndProject
Project("{FAE04EC0-301F-11D3-BF4B-00C04F79EFBC}") = "remote_lat", "perf\remote_lat\remote_lat.csproj", "{35C65BA4-86AF-43AE-9159-5CEE9D27C51D}"
EndProject
Project("{FAE04EC0-301F-11D3-BF4B-00C04F79EFBC}") = "remote_thr", "perf\remote_thr\remote_thr.csproj", "{0AF25616-C9CB-4137-B281-2100161A610C}"
EndProject
Project("{FAE04EC0-301F-11D3-BF4B-00C04F79EFBC}") = "clrzmq", "src\clrzmq\clrzmq.csproj", "{FE6D6CDD-8A04-4A3A-A654-5C687AB724E3}"
EndProject
Project("{FAE04EC0-301F-11D3-BF4B-00C04F79EFBC}") = "clrzmq-ext", "src\clrzmq-ext\clrzmq-ext.csproj", "{7203CF55-A452-407E-B767-4AA7BA616794}"
EndProject
Project("{FAE04EC0-301F-11D3-BF4B-00C04F79EFBC}") = "AsyncReturn", "tests\AsyncReturn\AsyncReturn.csproj", "{B06D0C3B-37E4-49E8-986A-ABE2DC6A2A93}"
EndProject
Project("{FAE04EC0-301F-11D3-BF4B-00C04F79EFBC}") = "WorkerPool", "tests\WorkerPool\WorkerPool.csproj", "{45D99DFA-FB55-4765-BB8B-B05C69D431E7}"
EndProject
Project("{FAE04EC0-301F-11D3-BF4B-00C04F79EFBC}") = "AcceptanceTests", "tests\AcceptanceTests\AcceptanceTests.csproj", "{7B12A63E-EC15-4F13-A91C-C03C7E97D8B6}"
EndProject
Project("{F2A71F9B-5D33-465A-A702-920D77279786}") = "Castle.Facilities.ZMQ", "src\integration\Castle.Facilities.ZMQ\Castle.Facilities.ZMQ.fsproj", "{96B09FDF-5173-417E-BF01-9ECC5F96FDCE}"
EndProject
Project("{FAE04EC0-301F-11D3-BF4B-00C04F79EFBC}") = "Client", "src\integration\Client\Client.csproj", "{006DB626-E002-4EFA-835C-B9863081C3A1}"
EndProject
Project("{FAE04EC0-301F-11D3-BF4B-00C04F79EFBC}") = "Server", "src\integration\Server\Server.csproj", "{099D078F-9610-4F0D-89FF-D506D1654DA5}"
EndProject
Global
	GlobalSection(SolutionConfigurationPlatforms) = preSolution
		Debug|Any CPU = Debug|Any CPU
		Debug|Mixed Platforms = Debug|Mixed Platforms
		Debug|x64 = Debug|x64
		Debug|x86 = Debug|x86
		POSIX_DEBUG|Any CPU = POSIX_DEBUG|Any CPU
		POSIX_DEBUG|Mixed Platforms = POSIX_DEBUG|Mixed Platforms
		POSIX_DEBUG|x64 = POSIX_DEBUG|x64
		POSIX_DEBUG|x86 = POSIX_DEBUG|x86
		POSIX_RELEASE|Any CPU = POSIX_RELEASE|Any CPU
		POSIX_RELEASE|Mixed Platforms = POSIX_RELEASE|Mixed Platforms
		POSIX_RELEASE|x64 = POSIX_RELEASE|x64
		POSIX_RELEASE|x86 = POSIX_RELEASE|x86
		Release|Any CPU = Release|Any CPU
		Release|Mixed Platforms = Release|Mixed Platforms
		Release|x64 = Release|x64
		Release|x86 = Release|x86
		WIN_DEBUG|Any CPU = WIN_DEBUG|Any CPU
		WIN_DEBUG|Mixed Platforms = WIN_DEBUG|Mixed Platforms
		WIN_DEBUG|x64 = WIN_DEBUG|x64
		WIN_DEBUG|x86 = WIN_DEBUG|x86
		WIN_RELEASE|Any CPU = WIN_RELEASE|Any CPU
		WIN_RELEASE|Mixed Platforms = WIN_RELEASE|Mixed Platforms
		WIN_RELEASE|x64 = WIN_RELEASE|x64
		WIN_RELEASE|x86 = WIN_RELEASE|x86
	EndGlobalSection
	GlobalSection(ProjectConfigurationPlatforms) = postSolution
		{E30D3D43-99B4-48ED-B060-56D88C77CCD0}.Debug|Any CPU.ActiveCfg = POSIX_RELEASE|x64
		{E30D3D43-99B4-48ED-B060-56D88C77CCD0}.Debug|Mixed Platforms.ActiveCfg = POSIX_RELEASE|x64
		{E30D3D43-99B4-48ED-B060-56D88C77CCD0}.Debug|Mixed Platforms.Build.0 = POSIX_RELEASE|x64
		{E30D3D43-99B4-48ED-B060-56D88C77CCD0}.Debug|x64.ActiveCfg = POSIX_RELEASE|x64
		{E30D3D43-99B4-48ED-B060-56D88C77CCD0}.Debug|x64.Build.0 = POSIX_RELEASE|x64
		{E30D3D43-99B4-48ED-B060-56D88C77CCD0}.Debug|x86.ActiveCfg = POSIX_RELEASE|x64
		{E30D3D43-99B4-48ED-B060-56D88C77CCD0}.POSIX_DEBUG|Any CPU.ActiveCfg = POSIX_DEBUG|x64
		{E30D3D43-99B4-48ED-B060-56D88C77CCD0}.POSIX_DEBUG|Mixed Platforms.ActiveCfg = POSIX_DEBUG|x64
		{E30D3D43-99B4-48ED-B060-56D88C77CCD0}.POSIX_DEBUG|Mixed Platforms.Build.0 = POSIX_DEBUG|x64
		{E30D3D43-99B4-48ED-B060-56D88C77CCD0}.POSIX_DEBUG|x64.ActiveCfg = POSIX_DEBUG|x64
		{E30D3D43-99B4-48ED-B060-56D88C77CCD0}.POSIX_DEBUG|x64.Build.0 = POSIX_DEBUG|x64
		{E30D3D43-99B4-48ED-B060-56D88C77CCD0}.POSIX_DEBUG|x86.ActiveCfg = POSIX_DEBUG|x86
		{E30D3D43-99B4-48ED-B060-56D88C77CCD0}.POSIX_DEBUG|x86.Build.0 = POSIX_DEBUG|x86
		{E30D3D43-99B4-48ED-B060-56D88C77CCD0}.POSIX_RELEASE|Any CPU.ActiveCfg = POSIX_RELEASE|x64
		{E30D3D43-99B4-48ED-B060-56D88C77CCD0}.POSIX_RELEASE|Mixed Platforms.ActiveCfg = POSIX_RELEASE|x64
		{E30D3D43-99B4-48ED-B060-56D88C77CCD0}.POSIX_RELEASE|Mixed Platforms.Build.0 = POSIX_RELEASE|x64
		{E30D3D43-99B4-48ED-B060-56D88C77CCD0}.POSIX_RELEASE|x64.ActiveCfg = POSIX_RELEASE|x64
		{E30D3D43-99B4-48ED-B060-56D88C77CCD0}.POSIX_RELEASE|x64.Build.0 = POSIX_RELEASE|x64
		{E30D3D43-99B4-48ED-B060-56D88C77CCD0}.POSIX_RELEASE|x86.ActiveCfg = POSIX_RELEASE|x86
		{E30D3D43-99B4-48ED-B060-56D88C77CCD0}.POSIX_RELEASE|x86.Build.0 = POSIX_RELEASE|x86
		{E30D3D43-99B4-48ED-B060-56D88C77CCD0}.Release|Any CPU.ActiveCfg = POSIX_RELEASE|x64
		{E30D3D43-99B4-48ED-B060-56D88C77CCD0}.Release|Mixed Platforms.ActiveCfg = POSIX_RELEASE|x64
		{E30D3D43-99B4-48ED-B060-56D88C77CCD0}.Release|Mixed Platforms.Build.0 = POSIX_RELEASE|x64
		{E30D3D43-99B4-48ED-B060-56D88C77CCD0}.Release|x64.ActiveCfg = POSIX_RELEASE|x64
		{E30D3D43-99B4-48ED-B060-56D88C77CCD0}.Release|x64.Build.0 = POSIX_RELEASE|x64
		{E30D3D43-99B4-48ED-B060-56D88C77CCD0}.Release|x86.ActiveCfg = POSIX_RELEASE|x64
		{E30D3D43-99B4-48ED-B060-56D88C77CCD0}.WIN_DEBUG|Any CPU.ActiveCfg = WIN_DEBUG|x64
		{E30D3D43-99B4-48ED-B060-56D88C77CCD0}.WIN_DEBUG|Mixed Platforms.ActiveCfg = WIN_DEBUG|x64
		{E30D3D43-99B4-48ED-B060-56D88C77CCD0}.WIN_DEBUG|Mixed Platforms.Build.0 = WIN_DEBUG|x64
		{E30D3D43-99B4-48ED-B060-56D88C77CCD0}.WIN_DEBUG|x64.ActiveCfg = WIN_DEBUG|x64
		{E30D3D43-99B4-48ED-B060-56D88C77CCD0}.WIN_DEBUG|x64.Build.0 = WIN_DEBUG|x64
		{E30D3D43-99B4-48ED-B060-56D88C77CCD0}.WIN_DEBUG|x86.ActiveCfg = WIN_DEBUG|x86
		{E30D3D43-99B4-48ED-B060-56D88C77CCD0}.WIN_DEBUG|x86.Build.0 = WIN_DEBUG|x86
		{E30D3D43-99B4-48ED-B060-56D88C77CCD0}.WIN_RELEASE|Any CPU.ActiveCfg = WIN_RELEASE|x64
		{E30D3D43-99B4-48ED-B060-56D88C77CCD0}.WIN_RELEASE|Mixed Platforms.ActiveCfg = WIN_RELEASE|x64
		{E30D3D43-99B4-48ED-B060-56D88C77CCD0}.WIN_RELEASE|Mixed Platforms.Build.0 = WIN_RELEASE|x64
		{E30D3D43-99B4-48ED-B060-56D88C77CCD0}.WIN_RELEASE|x64.ActiveCfg = WIN_RELEASE|x64
		{E30D3D43-99B4-48ED-B060-56D88C77CCD0}.WIN_RELEASE|x64.Build.0 = WIN_RELEASE|x64
		{E30D3D43-99B4-48ED-B060-56D88C77CCD0}.WIN_RELEASE|x86.ActiveCfg = WIN_RELEASE|x86
		{E30D3D43-99B4-48ED-B060-56D88C77CCD0}.WIN_RELEASE|x86.Build.0 = WIN_RELEASE|x86
		{CB79FF77-F94F-4E4B-A860-7BF941EAA2B6}.Debug|Any CPU.ActiveCfg = POSIX_RELEASE|x64
		{CB79FF77-F94F-4E4B-A860-7BF941EAA2B6}.Debug|Mixed Platforms.ActiveCfg = POSIX_RELEASE|x64
		{CB79FF77-F94F-4E4B-A860-7BF941EAA2B6}.Debug|Mixed Platforms.Build.0 = POSIX_RELEASE|x64
		{CB79FF77-F94F-4E4B-A860-7BF941EAA2B6}.Debug|x64.ActiveCfg = POSIX_RELEASE|x64
		{CB79FF77-F94F-4E4B-A860-7BF941EAA2B6}.Debug|x64.Build.0 = POSIX_RELEASE|x64
		{CB79FF77-F94F-4E4B-A860-7BF941EAA2B6}.Debug|x86.ActiveCfg = POSIX_RELEASE|x64
		{CB79FF77-F94F-4E4B-A860-7BF941EAA2B6}.POSIX_DEBUG|Any CPU.ActiveCfg = POSIX_DEBUG|x64
		{CB79FF77-F94F-4E4B-A860-7BF941EAA2B6}.POSIX_DEBUG|Mixed Platforms.ActiveCfg = POSIX_DEBUG|x64
		{CB79FF77-F94F-4E4B-A860-7BF941EAA2B6}.POSIX_DEBUG|Mixed Platforms.Build.0 = POSIX_DEBUG|x64
		{CB79FF77-F94F-4E4B-A860-7BF941EAA2B6}.POSIX_DEBUG|x64.ActiveCfg = POSIX_DEBUG|x64
		{CB79FF77-F94F-4E4B-A860-7BF941EAA2B6}.POSIX_DEBUG|x64.Build.0 = POSIX_DEBUG|x64
		{CB79FF77-F94F-4E4B-A860-7BF941EAA2B6}.POSIX_DEBUG|x86.ActiveCfg = POSIX_DEBUG|x86
		{CB79FF77-F94F-4E4B-A860-7BF941EAA2B6}.POSIX_DEBUG|x86.Build.0 = POSIX_DEBUG|x86
		{CB79FF77-F94F-4E4B-A860-7BF941EAA2B6}.POSIX_RELEASE|Any CPU.ActiveCfg = POSIX_RELEASE|x64
		{CB79FF77-F94F-4E4B-A860-7BF941EAA2B6}.POSIX_RELEASE|Mixed Platforms.ActiveCfg = POSIX_RELEASE|x64
		{CB79FF77-F94F-4E4B-A860-7BF941EAA2B6}.POSIX_RELEASE|Mixed Platforms.Build.0 = POSIX_RELEASE|x64
		{CB79FF77-F94F-4E4B-A860-7BF941EAA2B6}.POSIX_RELEASE|x64.ActiveCfg = POSIX_RELEASE|x64
		{CB79FF77-F94F-4E4B-A860-7BF941EAA2B6}.POSIX_RELEASE|x64.Build.0 = POSIX_RELEASE|x64
		{CB79FF77-F94F-4E4B-A860-7BF941EAA2B6}.POSIX_RELEASE|x86.ActiveCfg = POSIX_RELEASE|x86
		{CB79FF77-F94F-4E4B-A860-7BF941EAA2B6}.POSIX_RELEASE|x86.Build.0 = POSIX_RELEASE|x86
		{CB79FF77-F94F-4E4B-A860-7BF941EAA2B6}.Release|Any CPU.ActiveCfg = POSIX_RELEASE|x64
		{CB79FF77-F94F-4E4B-A860-7BF941EAA2B6}.Release|Mixed Platforms.ActiveCfg = POSIX_RELEASE|x64
		{CB79FF77-F94F-4E4B-A860-7BF941EAA2B6}.Release|Mixed Platforms.Build.0 = POSIX_RELEASE|x64
		{CB79FF77-F94F-4E4B-A860-7BF941EAA2B6}.Release|x64.ActiveCfg = POSIX_RELEASE|x64
		{CB79FF77-F94F-4E4B-A860-7BF941EAA2B6}.Release|x64.Build.0 = POSIX_RELEASE|x64
		{CB79FF77-F94F-4E4B-A860-7BF941EAA2B6}.Release|x86.ActiveCfg = POSIX_RELEASE|x64
		{CB79FF77-F94F-4E4B-A860-7BF941EAA2B6}.WIN_DEBUG|Any CPU.ActiveCfg = WIN_DEBUG|x64
		{CB79FF77-F94F-4E4B-A860-7BF941EAA2B6}.WIN_DEBUG|Mixed Platforms.ActiveCfg = WIN_DEBUG|x64
		{CB79FF77-F94F-4E4B-A860-7BF941EAA2B6}.WIN_DEBUG|Mixed Platforms.Build.0 = WIN_DEBUG|x64
		{CB79FF77-F94F-4E4B-A860-7BF941EAA2B6}.WIN_DEBUG|x64.ActiveCfg = WIN_DEBUG|x64
		{CB79FF77-F94F-4E4B-A860-7BF941EAA2B6}.WIN_DEBUG|x64.Build.0 = WIN_DEBUG|x64
		{CB79FF77-F94F-4E4B-A860-7BF941EAA2B6}.WIN_DEBUG|x86.ActiveCfg = WIN_DEBUG|x86
		{CB79FF77-F94F-4E4B-A860-7BF941EAA2B6}.WIN_DEBUG|x86.Build.0 = WIN_DEBUG|x86
		{CB79FF77-F94F-4E4B-A860-7BF941EAA2B6}.WIN_RELEASE|Any CPU.ActiveCfg = WIN_RELEASE|x64
		{CB79FF77-F94F-4E4B-A860-7BF941EAA2B6}.WIN_RELEASE|Mixed Platforms.ActiveCfg = WIN_RELEASE|x64
		{CB79FF77-F94F-4E4B-A860-7BF941EAA2B6}.WIN_RELEASE|Mixed Platforms.Build.0 = WIN_RELEASE|x64
		{CB79FF77-F94F-4E4B-A860-7BF941EAA2B6}.WIN_RELEASE|x64.ActiveCfg = WIN_RELEASE|x64
		{CB79FF77-F94F-4E4B-A860-7BF941EAA2B6}.WIN_RELEASE|x64.Build.0 = WIN_RELEASE|x64
		{CB79FF77-F94F-4E4B-A860-7BF941EAA2B6}.WIN_RELEASE|x86.ActiveCfg = WIN_RELEASE|x86
		{CB79FF77-F94F-4E4B-A860-7BF941EAA2B6}.WIN_RELEASE|x86.Build.0 = WIN_RELEASE|x86
		{35C65BA4-86AF-43AE-9159-5CEE9D27C51D}.Debug|Any CPU.ActiveCfg = POSIX_RELEASE|x64
		{35C65BA4-86AF-43AE-9159-5CEE9D27C51D}.Debug|Mixed Platforms.ActiveCfg = POSIX_RELEASE|x64
		{35C65BA4-86AF-43AE-9159-5CEE9D27C51D}.Debug|Mixed Platforms.Build.0 = POSIX_RELEASE|x64
		{35C65BA4-86AF-43AE-9159-5CEE9D27C51D}.Debug|x64.ActiveCfg = POSIX_RELEASE|x64
		{35C65BA4-86AF-43AE-9159-5CEE9D27C51D}.Debug|x64.Build.0 = POSIX_RELEASE|x64
		{35C65BA4-86AF-43AE-9159-5CEE9D27C51D}.Debug|x86.ActiveCfg = POSIX_RELEASE|x64
		{35C65BA4-86AF-43AE-9159-5CEE9D27C51D}.POSIX_DEBUG|Any CPU.ActiveCfg = POSIX_DEBUG|x64
		{35C65BA4-86AF-43AE-9159-5CEE9D27C51D}.POSIX_DEBUG|Mixed Platforms.ActiveCfg = POSIX_DEBUG|x64
		{35C65BA4-86AF-43AE-9159-5CEE9D27C51D}.POSIX_DEBUG|Mixed Platforms.Build.0 = POSIX_DEBUG|x64
		{35C65BA4-86AF-43AE-9159-5CEE9D27C51D}.POSIX_DEBUG|x64.ActiveCfg = POSIX_DEBUG|x64
		{35C65BA4-86AF-43AE-9159-5CEE9D27C51D}.POSIX_DEBUG|x64.Build.0 = POSIX_DEBUG|x64
		{35C65BA4-86AF-43AE-9159-5CEE9D27C51D}.POSIX_DEBUG|x86.ActiveCfg = POSIX_DEBUG|x86
		{35C65BA4-86AF-43AE-9159-5CEE9D27C51D}.POSIX_DEBUG|x86.Build.0 = POSIX_DEBUG|x86
		{35C65BA4-86AF-43AE-9159-5CEE9D27C51D}.POSIX_RELEASE|Any CPU.ActiveCfg = POSIX_RELEASE|x64
		{35C65BA4-86AF-43AE-9159-5CEE9D27C51D}.POSIX_RELEASE|Mixed Platforms.ActiveCfg = POSIX_RELEASE|x64
		{35C65BA4-86AF-43AE-9159-5CEE9D27C51D}.POSIX_RELEASE|Mixed Platforms.Build.0 = POSIX_RELEASE|x64
		{35C65BA4-86AF-43AE-9159-5CEE9D27C51D}.POSIX_RELEASE|x64.ActiveCfg = POSIX_RELEASE|x64
		{35C65BA4-86AF-43AE-9159-5CEE9D27C51D}.POSIX_RELEASE|x64.Build.0 = POSIX_RELEASE|x64
		{35C65BA4-86AF-43AE-9159-5CEE9D27C51D}.POSIX_RELEASE|x86.ActiveCfg = POSIX_RELEASE|x86
		{35C65BA4-86AF-43AE-9159-5CEE9D27C51D}.POSIX_RELEASE|x86.Build.0 = POSIX_RELEASE|x86
		{35C65BA4-86AF-43AE-9159-5CEE9D27C51D}.Release|Any CPU.ActiveCfg = POSIX_RELEASE|x64
		{35C65BA4-86AF-43AE-9159-5CEE9D27C51D}.Release|Mixed Platforms.ActiveCfg = POSIX_RELEASE|x64
		{35C65BA4-86AF-43AE-9159-5CEE9D27C51D}.Release|Mixed Platforms.Build.0 = POSIX_RELEASE|x64
		{35C65BA4-86AF-43AE-9159-5CEE9D27C51D}.Release|x64.ActiveCfg = POSIX_RELEASE|x64
		{35C65BA4-86AF-43AE-9159-5CEE9D27C51D}.Release|x64.Build.0 = POSIX_RELEASE|x64
		{35C65BA4-86AF-43AE-9159-5CEE9D27C51D}.Release|x86.ActiveCfg = POSIX_RELEASE|x64
		{35C65BA4-86AF-43AE-9159-5CEE9D27C51D}.WIN_DEBUG|Any CPU.ActiveCfg = WIN_DEBUG|x64
		{35C65BA4-86AF-43AE-9159-5CEE9D27C51D}.WIN_DEBUG|Mixed Platforms.ActiveCfg = WIN_DEBUG|x64
		{35C65BA4-86AF-43AE-9159-5CEE9D27C51D}.WIN_DEBUG|Mixed Platforms.Build.0 = WIN_DEBUG|x64
		{35C65BA4-86AF-43AE-9159-5CEE9D27C51D}.WIN_DEBUG|x64.ActiveCfg = WIN_DEBUG|x64
		{35C65BA4-86AF-43AE-9159-5CEE9D27C51D}.WIN_DEBUG|x64.Build.0 = WIN_DEBUG|x64
		{35C65BA4-86AF-43AE-9159-5CEE9D27C51D}.WIN_DEBUG|x86.ActiveCfg = WIN_DEBUG|x86
		{35C65BA4-86AF-43AE-9159-5CEE9D27C51D}.WIN_DEBUG|x86.Build.0 = WIN_DEBUG|x86
		{35C65BA4-86AF-43AE-9159-5CEE9D27C51D}.WIN_RELEASE|Any CPU.ActiveCfg = WIN_RELEASE|x64
		{35C65BA4-86AF-43AE-9159-5CEE9D27C51D}.WIN_RELEASE|Mixed Platforms.ActiveCfg = WIN_RELEASE|x64
		{35C65BA4-86AF-43AE-9159-5CEE9D27C51D}.WIN_RELEASE|Mixed Platforms.Build.0 = WIN_RELEASE|x64
		{35C65BA4-86AF-43AE-9159-5CEE9D27C51D}.WIN_RELEASE|x64.ActiveCfg = WIN_RELEASE|x64
		{35C65BA4-86AF-43AE-9159-5CEE9D27C51D}.WIN_RELEASE|x64.Build.0 = WIN_RELEASE|x64
		{35C65BA4-86AF-43AE-9159-5CEE9D27C51D}.WIN_RELEASE|x86.ActiveCfg = WIN_RELEASE|x86
		{35C65BA4-86AF-43AE-9159-5CEE9D27C51D}.WIN_RELEASE|x86.Build.0 = WIN_RELEASE|x86
		{0AF25616-C9CB-4137-B281-2100161A610C}.Debug|Any CPU.ActiveCfg = POSIX_RELEASE|x64
		{0AF25616-C9CB-4137-B281-2100161A610C}.Debug|Mixed Platforms.ActiveCfg = POSIX_RELEASE|x64
		{0AF25616-C9CB-4137-B281-2100161A610C}.Debug|Mixed Platforms.Build.0 = POSIX_RELEASE|x64
		{0AF25616-C9CB-4137-B281-2100161A610C}.Debug|x64.ActiveCfg = POSIX_RELEASE|x64
		{0AF25616-C9CB-4137-B281-2100161A610C}.Debug|x64.Build.0 = POSIX_RELEASE|x64
		{0AF25616-C9CB-4137-B281-2100161A610C}.Debug|x86.ActiveCfg = POSIX_RELEASE|x64
		{0AF25616-C9CB-4137-B281-2100161A610C}.POSIX_DEBUG|Any CPU.ActiveCfg = POSIX_DEBUG|x64
		{0AF25616-C9CB-4137-B281-2100161A610C}.POSIX_DEBUG|Mixed Platforms.ActiveCfg = POSIX_DEBUG|x64
		{0AF25616-C9CB-4137-B281-2100161A610C}.POSIX_DEBUG|Mixed Platforms.Build.0 = POSIX_DEBUG|x64
		{0AF25616-C9CB-4137-B281-2100161A610C}.POSIX_DEBUG|x64.ActiveCfg = POSIX_DEBUG|x64
		{0AF25616-C9CB-4137-B281-2100161A610C}.POSIX_DEBUG|x64.Build.0 = POSIX_DEBUG|x64
		{0AF25616-C9CB-4137-B281-2100161A610C}.POSIX_DEBUG|x86.ActiveCfg = POSIX_DEBUG|x86
		{0AF25616-C9CB-4137-B281-2100161A610C}.POSIX_DEBUG|x86.Build.0 = POSIX_DEBUG|x86
		{0AF25616-C9CB-4137-B281-2100161A610C}.POSIX_RELEASE|Any CPU.ActiveCfg = POSIX_RELEASE|x64
		{0AF25616-C9CB-4137-B281-2100161A610C}.POSIX_RELEASE|Mixed Platforms.ActiveCfg = POSIX_RELEASE|x64
		{0AF25616-C9CB-4137-B281-2100161A610C}.POSIX_RELEASE|Mixed Platforms.Build.0 = POSIX_RELEASE|x64
		{0AF25616-C9CB-4137-B281-2100161A610C}.POSIX_RELEASE|x64.ActiveCfg = POSIX_RELEASE|x64
		{0AF25616-C9CB-4137-B281-2100161A610C}.POSIX_RELEASE|x64.Build.0 = POSIX_RELEASE|x64
		{0AF25616-C9CB-4137-B281-2100161A610C}.POSIX_RELEASE|x86.ActiveCfg = POSIX_RELEASE|x86
		{0AF25616-C9CB-4137-B281-2100161A610C}.POSIX_RELEASE|x86.Build.0 = POSIX_RELEASE|x86
		{0AF25616-C9CB-4137-B281-2100161A610C}.Release|Any CPU.ActiveCfg = POSIX_RELEASE|x64
		{0AF25616-C9CB-4137-B281-2100161A610C}.Release|Mixed Platforms.ActiveCfg = POSIX_RELEASE|x64
		{0AF25616-C9CB-4137-B281-2100161A610C}.Release|Mixed Platforms.Build.0 = POSIX_RELEASE|x64
		{0AF25616-C9CB-4137-B281-2100161A610C}.Release|x64.ActiveCfg = POSIX_RELEASE|x64
		{0AF25616-C9CB-4137-B281-2100161A610C}.Release|x64.Build.0 = POSIX_RELEASE|x64
		{0AF25616-C9CB-4137-B281-2100161A610C}.Release|x86.ActiveCfg = POSIX_RELEASE|x64
		{0AF25616-C9CB-4137-B281-2100161A610C}.WIN_DEBUG|Any CPU.ActiveCfg = WIN_DEBUG|x64
		{0AF25616-C9CB-4137-B281-2100161A610C}.WIN_DEBUG|Mixed Platforms.ActiveCfg = WIN_DEBUG|x64
		{0AF25616-C9CB-4137-B281-2100161A610C}.WIN_DEBUG|Mixed Platforms.Build.0 = WIN_DEBUG|x64
		{0AF25616-C9CB-4137-B281-2100161A610C}.WIN_DEBUG|x64.ActiveCfg = WIN_DEBUG|x64
		{0AF25616-C9CB-4137-B281-2100161A610C}.WIN_DEBUG|x64.Build.0 = WIN_DEBUG|x64
		{0AF25616-C9CB-4137-B281-2100161A610C}.WIN_DEBUG|x86.ActiveCfg = WIN_DEBUG|x86
		{0AF25616-C9CB-4137-B281-2100161A610C}.WIN_DEBUG|x86.Build.0 = WIN_DEBUG|x86
		{0AF25616-C9CB-4137-B281-2100161A610C}.WIN_RELEASE|Any CPU.ActiveCfg = WIN_RELEASE|x64
		{0AF25616-C9CB-4137-B281-2100161A610C}.WIN_RELEASE|Mixed Platforms.ActiveCfg = WIN_RELEASE|x64
		{0AF25616-C9CB-4137-B281-2100161A610C}.WIN_RELEASE|Mixed Platforms.Build.0 = WIN_RELEASE|x64
		{0AF25616-C9CB-4137-B281-2100161A610C}.WIN_RELEASE|x64.ActiveCfg = WIN_RELEASE|x64
		{0AF25616-C9CB-4137-B281-2100161A610C}.WIN_RELEASE|x64.Build.0 = WIN_RELEASE|x64
		{0AF25616-C9CB-4137-B281-2100161A610C}.WIN_RELEASE|x86.ActiveCfg = WIN_RELEASE|x86
		{0AF25616-C9CB-4137-B281-2100161A610C}.WIN_RELEASE|x86.Build.0 = WIN_RELEASE|x86
		{FE6D6CDD-8A04-4A3A-A654-5C687AB724E3}.Debug|Any CPU.ActiveCfg = WIN_RELEASE|x86
		{FE6D6CDD-8A04-4A3A-A654-5C687AB724E3}.Debug|Mixed Platforms.ActiveCfg = WIN_RELEASE|x86
		{FE6D6CDD-8A04-4A3A-A654-5C687AB724E3}.Debug|Mixed Platforms.Build.0 = WIN_RELEASE|x86
		{FE6D6CDD-8A04-4A3A-A654-5C687AB724E3}.Debug|x64.ActiveCfg = WIN_RELEASE|x86
		{FE6D6CDD-8A04-4A3A-A654-5C687AB724E3}.Debug|x86.ActiveCfg = WIN_RELEASE|x86
		{FE6D6CDD-8A04-4A3A-A654-5C687AB724E3}.Debug|x86.Build.0 = WIN_RELEASE|x86
		{FE6D6CDD-8A04-4A3A-A654-5C687AB724E3}.POSIX_DEBUG|Any CPU.ActiveCfg = POSIX_DEBUG|x86
		{FE6D6CDD-8A04-4A3A-A654-5C687AB724E3}.POSIX_DEBUG|Mixed Platforms.ActiveCfg = POSIX_DEBUG|x86
		{FE6D6CDD-8A04-4A3A-A654-5C687AB724E3}.POSIX_DEBUG|Mixed Platforms.Build.0 = POSIX_DEBUG|x86
		{FE6D6CDD-8A04-4A3A-A654-5C687AB724E3}.POSIX_DEBUG|x64.ActiveCfg = POSIX_DEBUG|x64
		{FE6D6CDD-8A04-4A3A-A654-5C687AB724E3}.POSIX_DEBUG|x64.Build.0 = POSIX_DEBUG|x64
		{FE6D6CDD-8A04-4A3A-A654-5C687AB724E3}.POSIX_DEBUG|x86.ActiveCfg = POSIX_DEBUG|x86
		{FE6D6CDD-8A04-4A3A-A654-5C687AB724E3}.POSIX_DEBUG|x86.Build.0 = POSIX_DEBUG|x86
		{FE6D6CDD-8A04-4A3A-A654-5C687AB724E3}.POSIX_RELEASE|Any CPU.ActiveCfg = POSIX_RELEASE|x86
		{FE6D6CDD-8A04-4A3A-A654-5C687AB724E3}.POSIX_RELEASE|Mixed Platforms.ActiveCfg = POSIX_RELEASE|x86
		{FE6D6CDD-8A04-4A3A-A654-5C687AB724E3}.POSIX_RELEASE|Mixed Platforms.Build.0 = POSIX_RELEASE|x86
		{FE6D6CDD-8A04-4A3A-A654-5C687AB724E3}.POSIX_RELEASE|x64.ActiveCfg = POSIX_RELEASE|x64
		{FE6D6CDD-8A04-4A3A-A654-5C687AB724E3}.POSIX_RELEASE|x64.Build.0 = POSIX_RELEASE|x64
		{FE6D6CDD-8A04-4A3A-A654-5C687AB724E3}.POSIX_RELEASE|x86.ActiveCfg = POSIX_RELEASE|x86
		{FE6D6CDD-8A04-4A3A-A654-5C687AB724E3}.POSIX_RELEASE|x86.Build.0 = POSIX_RELEASE|x86
		{FE6D6CDD-8A04-4A3A-A654-5C687AB724E3}.Release|Any CPU.ActiveCfg = WIN_RELEASE|x86
		{FE6D6CDD-8A04-4A3A-A654-5C687AB724E3}.Release|Mixed Platforms.ActiveCfg = WIN_RELEASE|x86
		{FE6D6CDD-8A04-4A3A-A654-5C687AB724E3}.Release|Mixed Platforms.Build.0 = WIN_RELEASE|x86
		{FE6D6CDD-8A04-4A3A-A654-5C687AB724E3}.Release|x64.ActiveCfg = WIN_RELEASE|x86
		{FE6D6CDD-8A04-4A3A-A654-5C687AB724E3}.Release|x86.ActiveCfg = WIN_RELEASE|x86
		{FE6D6CDD-8A04-4A3A-A654-5C687AB724E3}.Release|x86.Build.0 = WIN_RELEASE|x86
		{FE6D6CDD-8A04-4A3A-A654-5C687AB724E3}.WIN_DEBUG|Any CPU.ActiveCfg = WIN_DEBUG|x86
		{FE6D6CDD-8A04-4A3A-A654-5C687AB724E3}.WIN_DEBUG|Mixed Platforms.ActiveCfg = WIN_DEBUG|x86
		{FE6D6CDD-8A04-4A3A-A654-5C687AB724E3}.WIN_DEBUG|Mixed Platforms.Build.0 = WIN_DEBUG|x86
		{FE6D6CDD-8A04-4A3A-A654-5C687AB724E3}.WIN_DEBUG|x64.ActiveCfg = WIN_DEBUG|x64
		{FE6D6CDD-8A04-4A3A-A654-5C687AB724E3}.WIN_DEBUG|x64.Build.0 = WIN_DEBUG|x64
		{FE6D6CDD-8A04-4A3A-A654-5C687AB724E3}.WIN_DEBUG|x86.ActiveCfg = WIN_DEBUG|x86
		{FE6D6CDD-8A04-4A3A-A654-5C687AB724E3}.WIN_DEBUG|x86.Build.0 = WIN_DEBUG|x86
		{FE6D6CDD-8A04-4A3A-A654-5C687AB724E3}.WIN_RELEASE|Any CPU.ActiveCfg = WIN_RELEASE|x86
		{FE6D6CDD-8A04-4A3A-A654-5C687AB724E3}.WIN_RELEASE|Mixed Platforms.ActiveCfg = WIN_RELEASE|x86
		{FE6D6CDD-8A04-4A3A-A654-5C687AB724E3}.WIN_RELEASE|Mixed Platforms.Build.0 = WIN_RELEASE|x86
		{FE6D6CDD-8A04-4A3A-A654-5C687AB724E3}.WIN_RELEASE|x64.ActiveCfg = WIN_RELEASE|x64
		{FE6D6CDD-8A04-4A3A-A654-5C687AB724E3}.WIN_RELEASE|x64.Build.0 = WIN_RELEASE|x64
		{FE6D6CDD-8A04-4A3A-A654-5C687AB724E3}.WIN_RELEASE|x86.ActiveCfg = WIN_RELEASE|x86
		{FE6D6CDD-8A04-4A3A-A654-5C687AB724E3}.WIN_RELEASE|x86.Build.0 = WIN_RELEASE|x86
		{7203CF55-A452-407E-B767-4AA7BA616794}.Debug|Any CPU.ActiveCfg = Debug|x86
		{7203CF55-A452-407E-B767-4AA7BA616794}.Debug|Mixed Platforms.ActiveCfg = Debug|x86
		{7203CF55-A452-407E-B767-4AA7BA616794}.Debug|Mixed Platforms.Build.0 = Debug|x86
		{7203CF55-A452-407E-B767-4AA7BA616794}.Debug|x64.ActiveCfg = Debug|x64
		{7203CF55-A452-407E-B767-4AA7BA616794}.Debug|x64.Build.0 = Debug|x64
		{7203CF55-A452-407E-B767-4AA7BA616794}.Debug|x86.ActiveCfg = Debug|x86
		{7203CF55-A452-407E-B767-4AA7BA616794}.Debug|x86.Build.0 = Debug|x86
		{7203CF55-A452-407E-B767-4AA7BA616794}.POSIX_DEBUG|Any CPU.ActiveCfg = Release|x86
		{7203CF55-A452-407E-B767-4AA7BA616794}.POSIX_DEBUG|Mixed Platforms.ActiveCfg = Release|x86
		{7203CF55-A452-407E-B767-4AA7BA616794}.POSIX_DEBUG|Mixed Platforms.Build.0 = Release|x86
		{7203CF55-A452-407E-B767-4AA7BA616794}.POSIX_DEBUG|x64.ActiveCfg = Debug|x64
		{7203CF55-A452-407E-B767-4AA7BA616794}.POSIX_DEBUG|x64.Build.0 = Debug|x64
		{7203CF55-A452-407E-B767-4AA7BA616794}.POSIX_DEBUG|x86.ActiveCfg = Debug|x86
		{7203CF55-A452-407E-B767-4AA7BA616794}.POSIX_DEBUG|x86.Build.0 = Debug|x86
		{7203CF55-A452-407E-B767-4AA7BA616794}.POSIX_RELEASE|Any CPU.ActiveCfg = Release|x86
		{7203CF55-A452-407E-B767-4AA7BA616794}.POSIX_RELEASE|Mixed Platforms.ActiveCfg = Release|x86
		{7203CF55-A452-407E-B767-4AA7BA616794}.POSIX_RELEASE|Mixed Platforms.Build.0 = Release|x86
		{7203CF55-A452-407E-B767-4AA7BA616794}.POSIX_RELEASE|x64.ActiveCfg = Release|x64
		{7203CF55-A452-407E-B767-4AA7BA616794}.POSIX_RELEASE|x64.Build.0 = Release|x64
		{7203CF55-A452-407E-B767-4AA7BA616794}.POSIX_RELEASE|x86.ActiveCfg = Release|x86
		{7203CF55-A452-407E-B767-4AA7BA616794}.POSIX_RELEASE|x86.Build.0 = Release|x86
		{7203CF55-A452-407E-B767-4AA7BA616794}.Release|Any CPU.ActiveCfg = Release|x86
		{7203CF55-A452-407E-B767-4AA7BA616794}.Release|Mixed Platforms.ActiveCfg = Release|x86
		{7203CF55-A452-407E-B767-4AA7BA616794}.Release|Mixed Platforms.Build.0 = Release|x86
		{7203CF55-A452-407E-B767-4AA7BA616794}.Release|x64.ActiveCfg = Release|x64
		{7203CF55-A452-407E-B767-4AA7BA616794}.Release|x64.Build.0 = Release|x64
		{7203CF55-A452-407E-B767-4AA7BA616794}.Release|x86.ActiveCfg = Release|x86
		{7203CF55-A452-407E-B767-4AA7BA616794}.Release|x86.Build.0 = Release|x86
		{7203CF55-A452-407E-B767-4AA7BA616794}.WIN_DEBUG|Any CPU.ActiveCfg = Release|x86
		{7203CF55-A452-407E-B767-4AA7BA616794}.WIN_DEBUG|Mixed Platforms.ActiveCfg = Release|x86
		{7203CF55-A452-407E-B767-4AA7BA616794}.WIN_DEBUG|Mixed Platforms.Build.0 = Release|x86
		{7203CF55-A452-407E-B767-4AA7BA616794}.WIN_DEBUG|x64.ActiveCfg = Debug|x64
		{7203CF55-A452-407E-B767-4AA7BA616794}.WIN_DEBUG|x64.Build.0 = Debug|x64
		{7203CF55-A452-407E-B767-4AA7BA616794}.WIN_DEBUG|x86.ActiveCfg = Debug|x86
		{7203CF55-A452-407E-B767-4AA7BA616794}.WIN_DEBUG|x86.Build.0 = Debug|x86
		{7203CF55-A452-407E-B767-4AA7BA616794}.WIN_RELEASE|Any CPU.ActiveCfg = Release|x86
		{7203CF55-A452-407E-B767-4AA7BA616794}.WIN_RELEASE|Mixed Platforms.ActiveCfg = Release|x86
		{7203CF55-A452-407E-B767-4AA7BA616794}.WIN_RELEASE|Mixed Platforms.Build.0 = Release|x86
		{7203CF55-A452-407E-B767-4AA7BA616794}.WIN_RELEASE|x64.ActiveCfg = Release|x64
		{7203CF55-A452-407E-B767-4AA7BA616794}.WIN_RELEASE|x64.Build.0 = Release|x64
		{7203CF55-A452-407E-B767-4AA7BA616794}.WIN_RELEASE|x86.ActiveCfg = Release|x86
		{7203CF55-A452-407E-B767-4AA7BA616794}.WIN_RELEASE|x86.Build.0 = Release|x86
		{B06D0C3B-37E4-49E8-986A-ABE2DC6A2A93}.Debug|Any CPU.ActiveCfg = Debug|x64
		{B06D0C3B-37E4-49E8-986A-ABE2DC6A2A93}.Debug|Mixed Platforms.ActiveCfg = Debug|x64
		{B06D0C3B-37E4-49E8-986A-ABE2DC6A2A93}.Debug|Mixed Platforms.Build.0 = Debug|x64
		{B06D0C3B-37E4-49E8-986A-ABE2DC6A2A93}.Debug|x64.ActiveCfg = Debug|x64
		{B06D0C3B-37E4-49E8-986A-ABE2DC6A2A93}.Debug|x64.Build.0 = Debug|x64
		{B06D0C3B-37E4-49E8-986A-ABE2DC6A2A93}.Debug|x86.ActiveCfg = Debug|x86
		{B06D0C3B-37E4-49E8-986A-ABE2DC6A2A93}.Debug|x86.Build.0 = Debug|x86
		{B06D0C3B-37E4-49E8-986A-ABE2DC6A2A93}.POSIX_DEBUG|Any CPU.ActiveCfg = Release|x64
		{B06D0C3B-37E4-49E8-986A-ABE2DC6A2A93}.POSIX_DEBUG|Mixed Platforms.ActiveCfg = Release|x64
		{B06D0C3B-37E4-49E8-986A-ABE2DC6A2A93}.POSIX_DEBUG|Mixed Platforms.Build.0 = Release|x64
		{B06D0C3B-37E4-49E8-986A-ABE2DC6A2A93}.POSIX_DEBUG|x64.ActiveCfg = Debug|x64
		{B06D0C3B-37E4-49E8-986A-ABE2DC6A2A93}.POSIX_DEBUG|x64.Build.0 = Debug|x64
		{B06D0C3B-37E4-49E8-986A-ABE2DC6A2A93}.POSIX_DEBUG|x86.ActiveCfg = Debug|x86
		{B06D0C3B-37E4-49E8-986A-ABE2DC6A2A93}.POSIX_DEBUG|x86.Build.0 = Debug|x86
		{B06D0C3B-37E4-49E8-986A-ABE2DC6A2A93}.POSIX_RELEASE|Any CPU.ActiveCfg = Release|x64
		{B06D0C3B-37E4-49E8-986A-ABE2DC6A2A93}.POSIX_RELEASE|Mixed Platforms.ActiveCfg = Release|x64
		{B06D0C3B-37E4-49E8-986A-ABE2DC6A2A93}.POSIX_RELEASE|Mixed Platforms.Build.0 = Release|x64
		{B06D0C3B-37E4-49E8-986A-ABE2DC6A2A93}.POSIX_RELEASE|x64.ActiveCfg = Release|x64
		{B06D0C3B-37E4-49E8-986A-ABE2DC6A2A93}.POSIX_RELEASE|x64.Build.0 = Release|x64
		{B06D0C3B-37E4-49E8-986A-ABE2DC6A2A93}.POSIX_RELEASE|x86.ActiveCfg = Release|x86
		{B06D0C3B-37E4-49E8-986A-ABE2DC6A2A93}.POSIX_RELEASE|x86.Build.0 = Release|x86
		{B06D0C3B-37E4-49E8-986A-ABE2DC6A2A93}.Release|Any CPU.ActiveCfg = Release|x64
		{B06D0C3B-37E4-49E8-986A-ABE2DC6A2A93}.Release|Mixed Platforms.ActiveCfg = Release|x64
		{B06D0C3B-37E4-49E8-986A-ABE2DC6A2A93}.Release|Mixed Platforms.Build.0 = Release|x64
		{B06D0C3B-37E4-49E8-986A-ABE2DC6A2A93}.Release|x64.ActiveCfg = Release|x64
		{B06D0C3B-37E4-49E8-986A-ABE2DC6A2A93}.Release|x64.Build.0 = Release|x64
		{B06D0C3B-37E4-49E8-986A-ABE2DC6A2A93}.Release|x86.ActiveCfg = Release|x86
		{B06D0C3B-37E4-49E8-986A-ABE2DC6A2A93}.Release|x86.Build.0 = Release|x86
		{B06D0C3B-37E4-49E8-986A-ABE2DC6A2A93}.WIN_DEBUG|Any CPU.ActiveCfg = Release|x64
		{B06D0C3B-37E4-49E8-986A-ABE2DC6A2A93}.WIN_DEBUG|Mixed Platforms.ActiveCfg = Release|x64
		{B06D0C3B-37E4-49E8-986A-ABE2DC6A2A93}.WIN_DEBUG|Mixed Platforms.Build.0 = Release|x64
		{B06D0C3B-37E4-49E8-986A-ABE2DC6A2A93}.WIN_DEBUG|x64.ActiveCfg = Debug|x64
		{B06D0C3B-37E4-49E8-986A-ABE2DC6A2A93}.WIN_DEBUG|x64.Build.0 = Debug|x64
		{B06D0C3B-37E4-49E8-986A-ABE2DC6A2A93}.WIN_DEBUG|x86.ActiveCfg = Debug|x86
		{B06D0C3B-37E4-49E8-986A-ABE2DC6A2A93}.WIN_DEBUG|x86.Build.0 = Debug|x86
		{B06D0C3B-37E4-49E8-986A-ABE2DC6A2A93}.WIN_RELEASE|Any CPU.ActiveCfg = Release|x64
		{B06D0C3B-37E4-49E8-986A-ABE2DC6A2A93}.WIN_RELEASE|Mixed Platforms.ActiveCfg = Release|x64
		{B06D0C3B-37E4-49E8-986A-ABE2DC6A2A93}.WIN_RELEASE|Mixed Platforms.Build.0 = Release|x64
		{B06D0C3B-37E4-49E8-986A-ABE2DC6A2A93}.WIN_RELEASE|x64.ActiveCfg = Release|x64
		{B06D0C3B-37E4-49E8-986A-ABE2DC6A2A93}.WIN_RELEASE|x64.Build.0 = Release|x64
		{B06D0C3B-37E4-49E8-986A-ABE2DC6A2A93}.WIN_RELEASE|x86.ActiveCfg = Release|x86
		{B06D0C3B-37E4-49E8-986A-ABE2DC6A2A93}.WIN_RELEASE|x86.Build.0 = Release|x86
		{45D99DFA-FB55-4765-BB8B-B05C69D431E7}.Debug|Any CPU.ActiveCfg = Debug|x86
		{45D99DFA-FB55-4765-BB8B-B05C69D431E7}.Debug|Mixed Platforms.ActiveCfg = Debug|x86
		{45D99DFA-FB55-4765-BB8B-B05C69D431E7}.Debug|Mixed Platforms.Build.0 = Debug|x86
		{45D99DFA-FB55-4765-BB8B-B05C69D431E7}.Debug|x64.ActiveCfg = Debug|x64
		{45D99DFA-FB55-4765-BB8B-B05C69D431E7}.Debug|x64.Build.0 = Debug|x64
		{45D99DFA-FB55-4765-BB8B-B05C69D431E7}.Debug|x86.ActiveCfg = Debug|x86
		{45D99DFA-FB55-4765-BB8B-B05C69D431E7}.Debug|x86.Build.0 = Debug|x86
		{45D99DFA-FB55-4765-BB8B-B05C69D431E7}.POSIX_DEBUG|Any CPU.ActiveCfg = Release|x86
		{45D99DFA-FB55-4765-BB8B-B05C69D431E7}.POSIX_DEBUG|Mixed Platforms.ActiveCfg = Release|x86
		{45D99DFA-FB55-4765-BB8B-B05C69D431E7}.POSIX_DEBUG|Mixed Platforms.Build.0 = Release|x86
		{45D99DFA-FB55-4765-BB8B-B05C69D431E7}.POSIX_DEBUG|x64.ActiveCfg = Debug|x64
		{45D99DFA-FB55-4765-BB8B-B05C69D431E7}.POSIX_DEBUG|x64.Build.0 = Debug|x64
		{45D99DFA-FB55-4765-BB8B-B05C69D431E7}.POSIX_DEBUG|x86.ActiveCfg = Debug|x86
		{45D99DFA-FB55-4765-BB8B-B05C69D431E7}.POSIX_DEBUG|x86.Build.0 = Debug|x86
		{45D99DFA-FB55-4765-BB8B-B05C69D431E7}.POSIX_RELEASE|Any CPU.ActiveCfg = Release|x86
		{45D99DFA-FB55-4765-BB8B-B05C69D431E7}.POSIX_RELEASE|Mixed Platforms.ActiveCfg = Release|x86
		{45D99DFA-FB55-4765-BB8B-B05C69D431E7}.POSIX_RELEASE|Mixed Platforms.Build.0 = Release|x86
		{45D99DFA-FB55-4765-BB8B-B05C69D431E7}.POSIX_RELEASE|x64.ActiveCfg = Release|x64
		{45D99DFA-FB55-4765-BB8B-B05C69D431E7}.POSIX_RELEASE|x64.Build.0 = Release|x64
		{45D99DFA-FB55-4765-BB8B-B05C69D431E7}.POSIX_RELEASE|x86.ActiveCfg = Release|x86
		{45D99DFA-FB55-4765-BB8B-B05C69D431E7}.POSIX_RELEASE|x86.Build.0 = Release|x86
		{45D99DFA-FB55-4765-BB8B-B05C69D431E7}.Release|Any CPU.ActiveCfg = Release|x86
		{45D99DFA-FB55-4765-BB8B-B05C69D431E7}.Release|Mixed Platforms.ActiveCfg = Release|x86
		{45D99DFA-FB55-4765-BB8B-B05C69D431E7}.Release|Mixed Platforms.Build.0 = Release|x86
		{45D99DFA-FB55-4765-BB8B-B05C69D431E7}.Release|x64.ActiveCfg = Release|x64
		{45D99DFA-FB55-4765-BB8B-B05C69D431E7}.Release|x64.Build.0 = Release|x64
		{45D99DFA-FB55-4765-BB8B-B05C69D431E7}.Release|x86.ActiveCfg = Release|x86
		{45D99DFA-FB55-4765-BB8B-B05C69D431E7}.Release|x86.Build.0 = Release|x86
		{45D99DFA-FB55-4765-BB8B-B05C69D431E7}.WIN_DEBUG|Any CPU.ActiveCfg = Release|x86
		{45D99DFA-FB55-4765-BB8B-B05C69D431E7}.WIN_DEBUG|Mixed Platforms.ActiveCfg = Release|x86
		{45D99DFA-FB55-4765-BB8B-B05C69D431E7}.WIN_DEBUG|Mixed Platforms.Build.0 = Release|x86
		{45D99DFA-FB55-4765-BB8B-B05C69D431E7}.WIN_DEBUG|x64.ActiveCfg = Debug|x64
		{45D99DFA-FB55-4765-BB8B-B05C69D431E7}.WIN_DEBUG|x64.Build.0 = Debug|x64
		{45D99DFA-FB55-4765-BB8B-B05C69D431E7}.WIN_DEBUG|x86.ActiveCfg = Debug|x86
		{45D99DFA-FB55-4765-BB8B-B05C69D431E7}.WIN_DEBUG|x86.Build.0 = Debug|x86
		{45D99DFA-FB55-4765-BB8B-B05C69D431E7}.WIN_RELEASE|Any CPU.ActiveCfg = Release|x86
		{45D99DFA-FB55-4765-BB8B-B05C69D431E7}.WIN_RELEASE|Mixed Platforms.ActiveCfg = Release|x86
		{45D99DFA-FB55-4765-BB8B-B05C69D431E7}.WIN_RELEASE|Mixed Platforms.Build.0 = Release|x86
		{45D99DFA-FB55-4765-BB8B-B05C69D431E7}.WIN_RELEASE|x64.ActiveCfg = Release|x64
		{45D99DFA-FB55-4765-BB8B-B05C69D431E7}.WIN_RELEASE|x64.Build.0 = Release|x64
		{45D99DFA-FB55-4765-BB8B-B05C69D431E7}.WIN_RELEASE|x86.ActiveCfg = Release|x86
		{45D99DFA-FB55-4765-BB8B-B05C69D431E7}.WIN_RELEASE|x86.Build.0 = Release|x86
		{7B12A63E-EC15-4F13-A91C-C03C7E97D8B6}.Debug|Any CPU.ActiveCfg = POSIX_RELEASE|x86
		{7B12A63E-EC15-4F13-A91C-C03C7E97D8B6}.Debug|Mixed Platforms.ActiveCfg = POSIX_RELEASE|x86
		{7B12A63E-EC15-4F13-A91C-C03C7E97D8B6}.Debug|Mixed Platforms.Build.0 = POSIX_RELEASE|x86
		{7B12A63E-EC15-4F13-A91C-C03C7E97D8B6}.Debug|x64.ActiveCfg = POSIX_RELEASE|x86
		{7B12A63E-EC15-4F13-A91C-C03C7E97D8B6}.Debug|x86.ActiveCfg = POSIX_RELEASE|x86
		{7B12A63E-EC15-4F13-A91C-C03C7E97D8B6}.Debug|x86.Build.0 = POSIX_RELEASE|x86
		{7B12A63E-EC15-4F13-A91C-C03C7E97D8B6}.POSIX_DEBUG|Any CPU.ActiveCfg = POSIX_DEBUG|x86
		{7B12A63E-EC15-4F13-A91C-C03C7E97D8B6}.POSIX_DEBUG|Mixed Platforms.ActiveCfg = POSIX_DEBUG|x86
		{7B12A63E-EC15-4F13-A91C-C03C7E97D8B6}.POSIX_DEBUG|Mixed Platforms.Build.0 = POSIX_DEBUG|x86
		{7B12A63E-EC15-4F13-A91C-C03C7E97D8B6}.POSIX_DEBUG|x64.ActiveCfg = POSIX_DEBUG|x64
		{7B12A63E-EC15-4F13-A91C-C03C7E97D8B6}.POSIX_DEBUG|x64.Build.0 = POSIX_DEBUG|x64
		{7B12A63E-EC15-4F13-A91C-C03C7E97D8B6}.POSIX_DEBUG|x86.ActiveCfg = POSIX_DEBUG|x86
		{7B12A63E-EC15-4F13-A91C-C03C7E97D8B6}.POSIX_DEBUG|x86.Build.0 = POSIX_DEBUG|x86
		{7B12A63E-EC15-4F13-A91C-C03C7E97D8B6}.POSIX_RELEASE|Any CPU.ActiveCfg = POSIX_RELEASE|x86
		{7B12A63E-EC15-4F13-A91C-C03C7E97D8B6}.POSIX_RELEASE|Mixed Platforms.ActiveCfg = POSIX_RELEASE|x86
		{7B12A63E-EC15-4F13-A91C-C03C7E97D8B6}.POSIX_RELEASE|Mixed Platforms.Build.0 = POSIX_RELEASE|x86
		{7B12A63E-EC15-4F13-A91C-C03C7E97D8B6}.POSIX_RELEASE|x64.ActiveCfg = POSIX_RELEASE|x64
		{7B12A63E-EC15-4F13-A91C-C03C7E97D8B6}.POSIX_RELEASE|x64.Build.0 = POSIX_RELEASE|x64
		{7B12A63E-EC15-4F13-A91C-C03C7E97D8B6}.POSIX_RELEASE|x86.ActiveCfg = POSIX_RELEASE|x86
		{7B12A63E-EC15-4F13-A91C-C03C7E97D8B6}.POSIX_RELEASE|x86.Build.0 = POSIX_RELEASE|x86
		{7B12A63E-EC15-4F13-A91C-C03C7E97D8B6}.Release|Any CPU.ActiveCfg = POSIX_RELEASE|x86
		{7B12A63E-EC15-4F13-A91C-C03C7E97D8B6}.Release|Mixed Platforms.ActiveCfg = POSIX_RELEASE|x86
		{7B12A63E-EC15-4F13-A91C-C03C7E97D8B6}.Release|Mixed Platforms.Build.0 = POSIX_RELEASE|x86
		{7B12A63E-EC15-4F13-A91C-C03C7E97D8B6}.Release|x64.ActiveCfg = POSIX_RELEASE|x86
		{7B12A63E-EC15-4F13-A91C-C03C7E97D8B6}.Release|x86.ActiveCfg = POSIX_RELEASE|x86
		{7B12A63E-EC15-4F13-A91C-C03C7E97D8B6}.Release|x86.Build.0 = POSIX_RELEASE|x86
		{7B12A63E-EC15-4F13-A91C-C03C7E97D8B6}.WIN_DEBUG|Any CPU.ActiveCfg = WIN_DEBUG|x86
		{7B12A63E-EC15-4F13-A91C-C03C7E97D8B6}.WIN_DEBUG|Mixed Platforms.ActiveCfg = WIN_DEBUG|x86
		{7B12A63E-EC15-4F13-A91C-C03C7E97D8B6}.WIN_DEBUG|Mixed Platforms.Build.0 = WIN_DEBUG|x86
		{7B12A63E-EC15-4F13-A91C-C03C7E97D8B6}.WIN_DEBUG|x64.ActiveCfg = WIN_DEBUG|x64
		{7B12A63E-EC15-4F13-A91C-C03C7E97D8B6}.WIN_DEBUG|x64.Build.0 = WIN_DEBUG|x64
		{7B12A63E-EC15-4F13-A91C-C03C7E97D8B6}.WIN_DEBUG|x86.ActiveCfg = WIN_DEBUG|x86
		{7B12A63E-EC15-4F13-A91C-C03C7E97D8B6}.WIN_DEBUG|x86.Build.0 = WIN_DEBUG|x86
		{7B12A63E-EC15-4F13-A91C-C03C7E97D8B6}.WIN_RELEASE|Any CPU.ActiveCfg = WIN_RELEASE|x86
		{7B12A63E-EC15-4F13-A91C-C03C7E97D8B6}.WIN_RELEASE|Mixed Platforms.ActiveCfg = WIN_RELEASE|x86
		{7B12A63E-EC15-4F13-A91C-C03C7E97D8B6}.WIN_RELEASE|Mixed Platforms.Build.0 = WIN_RELEASE|x86
		{7B12A63E-EC15-4F13-A91C-C03C7E97D8B6}.WIN_RELEASE|x64.ActiveCfg = WIN_RELEASE|x64
		{7B12A63E-EC15-4F13-A91C-C03C7E97D8B6}.WIN_RELEASE|x64.Build.0 = WIN_RELEASE|x64
		{7B12A63E-EC15-4F13-A91C-C03C7E97D8B6}.WIN_RELEASE|x86.ActiveCfg = WIN_RELEASE|x86
		{7B12A63E-EC15-4F13-A91C-C03C7E97D8B6}.WIN_RELEASE|x86.Build.0 = WIN_RELEASE|x86
		{96B09FDF-5173-417E-BF01-9ECC5F96FDCE}.Debug|Any CPU.ActiveCfg = Debug|Any CPU
		{96B09FDF-5173-417E-BF01-9ECC5F96FDCE}.Debug|Any CPU.Build.0 = Debug|Any CPU
		{96B09FDF-5173-417E-BF01-9ECC5F96FDCE}.Debug|Mixed Platforms.ActiveCfg = Debug|Any CPU
		{96B09FDF-5173-417E-BF01-9ECC5F96FDCE}.Debug|Mixed Platforms.Build.0 = Debug|Any CPU
		{96B09FDF-5173-417E-BF01-9ECC5F96FDCE}.Debug|x64.ActiveCfg = Debug|Any CPU
		{96B09FDF-5173-417E-BF01-9ECC5F96FDCE}.Debug|x86.ActiveCfg = Debug|Any CPU
		{96B09FDF-5173-417E-BF01-9ECC5F96FDCE}.POSIX_DEBUG|Any CPU.ActiveCfg = Release|Any CPU
		{96B09FDF-5173-417E-BF01-9ECC5F96FDCE}.POSIX_DEBUG|Any CPU.Build.0 = Release|Any CPU
		{96B09FDF-5173-417E-BF01-9ECC5F96FDCE}.POSIX_DEBUG|Mixed Platforms.ActiveCfg = Release|Any CPU
		{96B09FDF-5173-417E-BF01-9ECC5F96FDCE}.POSIX_DEBUG|Mixed Platforms.Build.0 = Release|Any CPU
		{96B09FDF-5173-417E-BF01-9ECC5F96FDCE}.POSIX_DEBUG|x64.ActiveCfg = Release|Any CPU
		{96B09FDF-5173-417E-BF01-9ECC5F96FDCE}.POSIX_DEBUG|x86.ActiveCfg = Release|Any CPU
		{96B09FDF-5173-417E-BF01-9ECC5F96FDCE}.POSIX_RELEASE|Any CPU.ActiveCfg = Release|Any CPU
		{96B09FDF-5173-417E-BF01-9ECC5F96FDCE}.POSIX_RELEASE|Any CPU.Build.0 = Release|Any CPU
		{96B09FDF-5173-417E-BF01-9ECC5F96FDCE}.POSIX_RELEASE|Mixed Platforms.ActiveCfg = Release|Any CPU
		{96B09FDF-5173-417E-BF01-9ECC5F96FDCE}.POSIX_RELEASE|Mixed Platforms.Build.0 = Release|Any CPU
		{96B09FDF-5173-417E-BF01-9ECC5F96FDCE}.POSIX_RELEASE|x64.ActiveCfg = Release|Any CPU
		{96B09FDF-5173-417E-BF01-9ECC5F96FDCE}.POSIX_RELEASE|x86.ActiveCfg = Release|Any CPU
		{96B09FDF-5173-417E-BF01-9ECC5F96FDCE}.Release|Any CPU.ActiveCfg = Release|Any CPU
		{96B09FDF-5173-417E-BF01-9ECC5F96FDCE}.Release|Any CPU.Build.0 = Release|Any CPU
		{96B09FDF-5173-417E-BF01-9ECC5F96FDCE}.Release|Mixed Platforms.ActiveCfg = Release|Any CPU
		{96B09FDF-5173-417E-BF01-9ECC5F96FDCE}.Release|Mixed Platforms.Build.0 = Release|Any CPU
		{96B09FDF-5173-417E-BF01-9ECC5F96FDCE}.Release|x64.ActiveCfg = Release|Any CPU
		{96B09FDF-5173-417E-BF01-9ECC5F96FDCE}.Release|x86.ActiveCfg = Release|Any CPU
		{96B09FDF-5173-417E-BF01-9ECC5F96FDCE}.WIN_DEBUG|Any CPU.ActiveCfg = Release|Any CPU
		{96B09FDF-5173-417E-BF01-9ECC5F96FDCE}.WIN_DEBUG|Any CPU.Build.0 = Release|Any CPU
		{96B09FDF-5173-417E-BF01-9ECC5F96FDCE}.WIN_DEBUG|Mixed Platforms.ActiveCfg = Release|Any CPU
		{96B09FDF-5173-417E-BF01-9ECC5F96FDCE}.WIN_DEBUG|Mixed Platforms.Build.0 = Release|Any CPU
		{96B09FDF-5173-417E-BF01-9ECC5F96FDCE}.WIN_DEBUG|x64.ActiveCfg = Release|Any CPU
		{96B09FDF-5173-417E-BF01-9ECC5F96FDCE}.WIN_DEBUG|x86.ActiveCfg = Debug|Any CPU
		{96B09FDF-5173-417E-BF01-9ECC5F96FDCE}.WIN_RELEASE|Any CPU.ActiveCfg = Release|Any CPU
		{96B09FDF-5173-417E-BF01-9ECC5F96FDCE}.WIN_RELEASE|Any CPU.Build.0 = Release|Any CPU
		{96B09FDF-5173-417E-BF01-9ECC5F96FDCE}.WIN_RELEASE|Mixed Platforms.ActiveCfg = Release|Any CPU
		{96B09FDF-5173-417E-BF01-9ECC5F96FDCE}.WIN_RELEASE|Mixed Platforms.Build.0 = Release|Any CPU
		{96B09FDF-5173-417E-BF01-9ECC5F96FDCE}.WIN_RELEASE|x64.ActiveCfg = Release|Any CPU
		{96B09FDF-5173-417E-BF01-9ECC5F96FDCE}.WIN_RELEASE|x64.Build.0 = Release|Any CPU
		{96B09FDF-5173-417E-BF01-9ECC5F96FDCE}.WIN_RELEASE|x86.ActiveCfg = Release|Any CPU
		{96B09FDF-5173-417E-BF01-9ECC5F96FDCE}.WIN_RELEASE|x86.Build.0 = Release|Any CPU
		{006DB626-E002-4EFA-835C-B9863081C3A1}.Debug|Any CPU.ActiveCfg = Debug|x86
		{006DB626-E002-4EFA-835C-B9863081C3A1}.Debug|Mixed Platforms.ActiveCfg = Debug|x86
		{006DB626-E002-4EFA-835C-B9863081C3A1}.Debug|Mixed Platforms.Build.0 = Debug|x86
		{006DB626-E002-4EFA-835C-B9863081C3A1}.Debug|x64.ActiveCfg = Debug|x86
		{006DB626-E002-4EFA-835C-B9863081C3A1}.Debug|x86.ActiveCfg = Debug|x86
		{006DB626-E002-4EFA-835C-B9863081C3A1}.Debug|x86.Build.0 = Debug|x86
		{006DB626-E002-4EFA-835C-B9863081C3A1}.POSIX_DEBUG|Any CPU.ActiveCfg = Release|x86
		{006DB626-E002-4EFA-835C-B9863081C3A1}.POSIX_DEBUG|Mixed Platforms.ActiveCfg = Release|x86
		{006DB626-E002-4EFA-835C-B9863081C3A1}.POSIX_DEBUG|Mixed Platforms.Build.0 = Release|x86
		{006DB626-E002-4EFA-835C-B9863081C3A1}.POSIX_DEBUG|x64.ActiveCfg = Release|x86
		{006DB626-E002-4EFA-835C-B9863081C3A1}.POSIX_DEBUG|x86.ActiveCfg = Release|x86
		{006DB626-E002-4EFA-835C-B9863081C3A1}.POSIX_DEBUG|x86.Build.0 = Release|x86
		{006DB626-E002-4EFA-835C-B9863081C3A1}.POSIX_RELEASE|Any CPU.ActiveCfg = Release|x86
		{006DB626-E002-4EFA-835C-B9863081C3A1}.POSIX_RELEASE|Mixed Platforms.ActiveCfg = Release|x86
		{006DB626-E002-4EFA-835C-B9863081C3A1}.POSIX_RELEASE|Mixed Platforms.Build.0 = Release|x86
		{006DB626-E002-4EFA-835C-B9863081C3A1}.POSIX_RELEASE|x64.ActiveCfg = Release|x86
		{006DB626-E002-4EFA-835C-B9863081C3A1}.POSIX_RELEASE|x86.ActiveCfg = Release|x86
		{006DB626-E002-4EFA-835C-B9863081C3A1}.POSIX_RELEASE|x86.Build.0 = Release|x86
		{006DB626-E002-4EFA-835C-B9863081C3A1}.Release|Any CPU.ActiveCfg = Release|x86
		{006DB626-E002-4EFA-835C-B9863081C3A1}.Release|Mixed Platforms.ActiveCfg = Release|x86
		{006DB626-E002-4EFA-835C-B9863081C3A1}.Release|Mixed Platforms.Build.0 = Release|x86
		{006DB626-E002-4EFA-835C-B9863081C3A1}.Release|x64.ActiveCfg = Release|x86
		{006DB626-E002-4EFA-835C-B9863081C3A1}.Release|x86.ActiveCfg = Release|x86
		{006DB626-E002-4EFA-835C-B9863081C3A1}.Release|x86.Build.0 = Release|x86
		{006DB626-E002-4EFA-835C-B9863081C3A1}.WIN_DEBUG|Any CPU.ActiveCfg = Release|x86
		{006DB626-E002-4EFA-835C-B9863081C3A1}.WIN_DEBUG|Mixed Platforms.ActiveCfg = Release|x86
		{006DB626-E002-4EFA-835C-B9863081C3A1}.WIN_DEBUG|Mixed Platforms.Build.0 = Release|x86
		{006DB626-E002-4EFA-835C-B9863081C3A1}.WIN_DEBUG|x64.ActiveCfg = Release|x86
		{006DB626-E002-4EFA-835C-B9863081C3A1}.WIN_DEBUG|x86.ActiveCfg = Debug|x86
		{006DB626-E002-4EFA-835C-B9863081C3A1}.WIN_DEBUG|x86.Build.0 = Debug|x86
		{006DB626-E002-4EFA-835C-B9863081C3A1}.WIN_RELEASE|Any CPU.ActiveCfg = Release|x86
		{006DB626-E002-4EFA-835C-B9863081C3A1}.WIN_RELEASE|Mixed Platforms.ActiveCfg = Release|x86
		{006DB626-E002-4EFA-835C-B9863081C3A1}.WIN_RELEASE|Mixed Platforms.Build.0 = Release|x86
		{006DB626-E002-4EFA-835C-B9863081C3A1}.WIN_RELEASE|x64.ActiveCfg = Release|x86
		{006DB626-E002-4EFA-835C-B9863081C3A1}.WIN_RELEASE|x86.ActiveCfg = Debug|x86
		{006DB626-E002-4EFA-835C-B9863081C3A1}.WIN_RELEASE|x86.Build.0 = Debug|x86
		{099D078F-9610-4F0D-89FF-D506D1654DA5}.Debug|Any CPU.ActiveCfg = Debug|x86
		{099D078F-9610-4F0D-89FF-D506D1654DA5}.Debug|Mixed Platforms.ActiveCfg = Debug|x86
		{099D078F-9610-4F0D-89FF-D506D1654DA5}.Debug|Mixed Platforms.Build.0 = Debug|x86
		{099D078F-9610-4F0D-89FF-D506D1654DA5}.Debug|x64.ActiveCfg = Debug|x86
		{099D078F-9610-4F0D-89FF-D506D1654DA5}.Debug|x86.ActiveCfg = Debug|x86
		{099D078F-9610-4F0D-89FF-D506D1654DA5}.Debug|x86.Build.0 = Debug|x86
		{099D078F-9610-4F0D-89FF-D506D1654DA5}.POSIX_DEBUG|Any CPU.ActiveCfg = Release|x86
		{099D078F-9610-4F0D-89FF-D506D1654DA5}.POSIX_DEBUG|Mixed Platforms.ActiveCfg = Release|x86
		{099D078F-9610-4F0D-89FF-D506D1654DA5}.POSIX_DEBUG|Mixed Platforms.Build.0 = Release|x86
		{099D078F-9610-4F0D-89FF-D506D1654DA5}.POSIX_DEBUG|x64.ActiveCfg = Release|x86
		{099D078F-9610-4F0D-89FF-D506D1654DA5}.POSIX_DEBUG|x86.ActiveCfg = Release|x86
		{099D078F-9610-4F0D-89FF-D506D1654DA5}.POSIX_DEBUG|x86.Build.0 = Release|x86
		{099D078F-9610-4F0D-89FF-D506D1654DA5}.POSIX_RELEASE|Any CPU.ActiveCfg = Release|x86
		{099D078F-9610-4F0D-89FF-D506D1654DA5}.POSIX_RELEASE|Mixed Platforms.ActiveCfg = Release|x86
		{099D078F-9610-4F0D-89FF-D506D1654DA5}.POSIX_RELEASE|Mixed Platforms.Build.0 = Release|x86
		{099D078F-9610-4F0D-89FF-D506D1654DA5}.POSIX_RELEASE|x64.ActiveCfg = Release|x86
		{099D078F-9610-4F0D-89FF-D506D1654DA5}.POSIX_RELEASE|x86.ActiveCfg = Release|x86
		{099D078F-9610-4F0D-89FF-D506D1654DA5}.POSIX_RELEASE|x86.Build.0 = Release|x86
		{099D078F-9610-4F0D-89FF-D506D1654DA5}.Release|Any CPU.ActiveCfg = Release|x86
		{099D078F-9610-4F0D-89FF-D506D1654DA5}.Release|Mixed Platforms.ActiveCfg = Release|x86
		{099D078F-9610-4F0D-89FF-D506D1654DA5}.Release|Mixed Platforms.Build.0 = Release|x86
		{099D078F-9610-4F0D-89FF-D506D1654DA5}.Release|x64.ActiveCfg = Release|x86
		{099D078F-9610-4F0D-89FF-D506D1654DA5}.Release|x86.ActiveCfg = Release|x86
		{099D078F-9610-4F0D-89FF-D506D1654DA5}.Release|x86.Build.0 = Release|x86
		{099D078F-9610-4F0D-89FF-D506D1654DA5}.WIN_DEBUG|Any CPU.ActiveCfg = Release|x86
		{099D078F-9610-4F0D-89FF-D506D1654DA5}.WIN_DEBUG|Mixed Platforms.ActiveCfg = Release|x86
		{099D078F-9610-4F0D-89FF-D506D1654DA5}.WIN_DEBUG|Mixed Platforms.Build.0 = Release|x86
		{099D078F-9610-4F0D-89FF-D506D1654DA5}.WIN_DEBUG|x64.ActiveCfg = Release|x64
		{099D078F-9610-4F0D-89FF-D506D1654DA5}.WIN_DEBUG|x64.Build.0 = Release|x64
		{099D078F-9610-4F0D-89FF-D506D1654DA5}.WIN_DEBUG|x86.ActiveCfg = Debug|x86
		{099D078F-9610-4F0D-89FF-D506D1654DA5}.WIN_DEBUG|x86.Build.0 = Debug|x86
		{099D078F-9610-4F0D-89FF-D506D1654DA5}.WIN_RELEASE|Any CPU.ActiveCfg = Release|x86
		{099D078F-9610-4F0D-89FF-D506D1654DA5}.WIN_RELEASE|Mixed Platforms.ActiveCfg = Release|x86
		{099D078F-9610-4F0D-89FF-D506D1654DA5}.WIN_RELEASE|Mixed Platforms.Build.0 = Release|x86
		{099D078F-9610-4F0D-89FF-D506D1654DA5}.WIN_RELEASE|x64.ActiveCfg = Release|x86
		{099D078F-9610-4F0D-89FF-D506D1654DA5}.WIN_RELEASE|x86.ActiveCfg = Release|x86
		{099D078F-9610-4F0D-89FF-D506D1654DA5}.WIN_RELEASE|x86.Build.0 = Release|x86
	EndGlobalSection
	GlobalSection(SolutionProperties) = preSolution
		HideSolutionNode = FALSE
	EndGlobalSection
	GlobalSection(NestedProjects) = preSolution
		{E30D3D43-99B4-48ED-B060-56D88C77CCD0} = {137A2F03-0D94-40F2-ADC7-3C194B143A78}
		{CB79FF77-F94F-4E4B-A860-7BF941EAA2B6} = {137A2F03-0D94-40F2-ADC7-3C194B143A78}
		{35C65BA4-86AF-43AE-9159-5CEE9D27C51D} = {137A2F03-0D94-40F2-ADC7-3C194B143A78}
		{0AF25616-C9CB-4137-B281-2100161A610C} = {137A2F03-0D94-40F2-ADC7-3C194B143A78}
		{FE6D6CDD-8A04-4A3A-A654-5C687AB724E3} = {30C08BF9-B591-4038-A54E-2D6D70F6EAB7}
		{7203CF55-A452-407E-B767-4AA7BA616794} = {30C08BF9-B591-4038-A54E-2D6D70F6EAB7}
		{B06D0C3B-37E4-49E8-986A-ABE2DC6A2A93} = {FED23C0F-5417-4B04-BCF3-B18DDDCF15E9}
		{45D99DFA-FB55-4765-BB8B-B05C69D431E7} = {FED23C0F-5417-4B04-BCF3-B18DDDCF15E9}
		{7B12A63E-EC15-4F13-A91C-C03C7E97D8B6} = {FED23C0F-5417-4B04-BCF3-B18DDDCF15E9}
		{96B09FDF-5173-417E-BF01-9ECC5F96FDCE} = {675C6614-E0C3-405D-AB3D-3D2ACAF7E506}
		{006DB626-E002-4EFA-835C-B9863081C3A1} = {675C6614-E0C3-405D-AB3D-3D2ACAF7E506}
		{099D078F-9610-4F0D-89FF-D506D1654DA5} = {675C6614-E0C3-405D-AB3D-3D2ACAF7E506}
	EndGlobalSection
	GlobalSection(MonoDevelopProperties) = preSolution
		StartupItem = clrzmq\clrzmq.csproj
		version = 2.0.0.0
	EndGlobalSection
EndGlobal
